// !$*UTF8*$!
{
	archiveVersion = 1;
	classes = {
	};
	objectVersion = 46;
	objects = {

/* Begin PBXBuildFile section */
		7924E63A1B61E77E00D3BBB0 /* AppDelegate.swift in Sources */ = {isa = PBXBuildFile; fileRef = 7924E6391B61E77E00D3BBB0 /* AppDelegate.swift */; };
		7924E63C1B61E77E00D3BBB0 /* ViewController.swift in Sources */ = {isa = PBXBuildFile; fileRef = 7924E63B1B61E77E00D3BBB0 /* ViewController.swift */; };
		7924E63F1B61E77E00D3BBB0 /* Main.storyboard in Resources */ = {isa = PBXBuildFile; fileRef = 7924E63D1B61E77E00D3BBB0 /* Main.storyboard */; };
		7924E6411B61E77E00D3BBB0 /* Images.xcassets in Resources */ = {isa = PBXBuildFile; fileRef = 7924E6401B61E77E00D3BBB0 /* Images.xcassets */; };
		7924E6441B61E77E00D3BBB0 /* LaunchScreen.xib in Resources */ = {isa = PBXBuildFile; fileRef = 7924E6421B61E77E00D3BBB0 /* LaunchScreen.xib */; };
		7924E6501B61E77E00D3BBB0 /* PlaceholderTextViewTests.swift in Sources */ = {isa = PBXBuildFile; fileRef = 7924E64F1B61E77E00D3BBB0 /* PlaceholderTextViewTests.swift */; };
		796C8EFD1B62129D00EC4ACD /* PlaceholderTextView.swift in Sources */ = {isa = PBXBuildFile; fileRef = 796C8EFC1B62129D00EC4ACD /* PlaceholderTextView.swift */; };
/* End PBXBuildFile section */

/* Begin PBXContainerItemProxy section */
		7924E64A1B61E77E00D3BBB0 /* PBXContainerItemProxy */ = {
			isa = PBXContainerItemProxy;
			containerPortal = 7924E62C1B61E77E00D3BBB0 /* Project object */;
			proxyType = 1;
			remoteGlobalIDString = 7924E6331B61E77E00D3BBB0;
			remoteInfo = PlaceholderTextView;
		};
/* End PBXContainerItemProxy section */

/* Begin PBXFileReference section */
		7924E6341B61E77E00D3BBB0 /* PlaceholderTextView.app */ = {isa = PBXFileReference; explicitFileType = wrapper.application; includeInIndex = 0; path = PlaceholderTextView.app; sourceTree = BUILT_PRODUCTS_DIR; };
		7924E6381B61E77E00D3BBB0 /* Info.plist */ = {isa = PBXFileReference; lastKnownFileType = text.plist.xml; path = Info.plist; sourceTree = "<group>"; };
		7924E6391B61E77E00D3BBB0 /* AppDelegate.swift */ = {isa = PBXFileReference; lastKnownFileType = sourcecode.swift; path = AppDelegate.swift; sourceTree = "<group>"; };
		7924E63B1B61E77E00D3BBB0 /* ViewController.swift */ = {isa = PBXFileReference; lastKnownFileType = sourcecode.swift; path = ViewController.swift; sourceTree = "<group>"; };
		7924E63E1B61E77E00D3BBB0 /* Base */ = {isa = PBXFileReference; lastKnownFileType = file.storyboard; name = Base; path = Base.lproj/Main.storyboard; sourceTree = "<group>"; };
		7924E6401B61E77E00D3BBB0 /* Images.xcassets */ = {isa = PBXFileReference; lastKnownFileType = folder.assetcatalog; path = Images.xcassets; sourceTree = "<group>"; };
		7924E6431B61E77E00D3BBB0 /* Base */ = {isa = PBXFileReference; lastKnownFileType = file.xib; name = Base; path = Base.lproj/LaunchScreen.xib; sourceTree = "<group>"; };
		7924E6491B61E77E00D3BBB0 /* PlaceholderTextViewTests.xctest */ = {isa = PBXFileReference; explicitFileType = wrapper.cfbundle; includeInIndex = 0; path = PlaceholderTextViewTests.xctest; sourceTree = BUILT_PRODUCTS_DIR; };
		7924E64E1B61E77E00D3BBB0 /* Info.plist */ = {isa = PBXFileReference; lastKnownFileType = text.plist.xml; path = Info.plist; sourceTree = "<group>"; };
		7924E64F1B61E77E00D3BBB0 /* PlaceholderTextViewTests.swift */ = {isa = PBXFileReference; lastKnownFileType = sourcecode.swift; path = PlaceholderTextViewTests.swift; sourceTree = "<group>"; };
		796C8EFC1B62129D00EC4ACD /* PlaceholderTextView.swift */ = {isa = PBXFileReference; fileEncoding = 4; lastKnownFileType = sourcecode.swift; name = PlaceholderTextView.swift; path = ../../Pod/Classes/PlaceholderTextView.swift; sourceTree = "<group>"; };
/* End PBXFileReference section */

/* Begin PBXFrameworksBuildPhase section */
		7924E6311B61E77E00D3BBB0 /* Frameworks */ = {
			isa = PBXFrameworksBuildPhase;
			buildActionMask = 2147483647;
			files = (
			);
			runOnlyForDeploymentPostprocessing = 0;
		};
		7924E6461B61E77E00D3BBB0 /* Frameworks */ = {
			isa = PBXFrameworksBuildPhase;
			buildActionMask = 2147483647;
			files = (
			);
			runOnlyForDeploymentPostprocessing = 0;
		};
/* End PBXFrameworksBuildPhase section */

/* Begin PBXGroup section */
		7924E62B1B61E77E00D3BBB0 = {
			isa = PBXGroup;
			children = (
				7924E6361B61E77E00D3BBB0 /* PlaceholderTextView */,
				7924E64C1B61E77E00D3BBB0 /* PlaceholderTextViewTests */,
				7924E6351B61E77E00D3BBB0 /* Products */,
			);
			sourceTree = "<group>";
		};
		7924E6351B61E77E00D3BBB0 /* Products */ = {
			isa = PBXGroup;
			children = (
				7924E6341B61E77E00D3BBB0 /* PlaceholderTextView.app */,
				7924E6491B61E77E00D3BBB0 /* PlaceholderTextViewTests.xctest */,
			);
			name = Products;
			sourceTree = "<group>";
		};
		7924E6361B61E77E00D3BBB0 /* PlaceholderTextView */ = {
			isa = PBXGroup;
			children = (
				796C8EFC1B62129D00EC4ACD /* PlaceholderTextView.swift */,
				7924E6391B61E77E00D3BBB0 /* AppDelegate.swift */,
				7924E63B1B61E77E00D3BBB0 /* ViewController.swift */,
				7924E63D1B61E77E00D3BBB0 /* Main.storyboard */,
				7924E6401B61E77E00D3BBB0 /* Images.xcassets */,
				7924E6421B61E77E00D3BBB0 /* LaunchScreen.xib */,
				7924E6371B61E77E00D3BBB0 /* Supporting Files */,
			);
			path = PlaceholderTextView;
			sourceTree = "<group>";
		};
		7924E6371B61E77E00D3BBB0 /* Supporting Files */ = {
			isa = PBXGroup;
			children = (
				7924E6381B61E77E00D3BBB0 /* Info.plist */,
			);
			name = "Supporting Files";
			sourceTree = "<group>";
		};
		7924E64C1B61E77E00D3BBB0 /* PlaceholderTextViewTests */ = {
			isa = PBXGroup;
			children = (
				7924E64F1B61E77E00D3BBB0 /* PlaceholderTextViewTests.swift */,
				7924E64D1B61E77E00D3BBB0 /* Supporting Files */,
			);
			path = PlaceholderTextViewTests;
			sourceTree = "<group>";
		};
		7924E64D1B61E77E00D3BBB0 /* Supporting Files */ = {
			isa = PBXGroup;
			children = (
				7924E64E1B61E77E00D3BBB0 /* Info.plist */,
			);
			name = "Supporting Files";
			sourceTree = "<group>";
		};
/* End PBXGroup section */

/* Begin PBXNativeTarget section */
		7924E6331B61E77E00D3BBB0 /* PlaceholderTextView */ = {
			isa = PBXNativeTarget;
			buildConfigurationList = 7924E6531B61E77E00D3BBB0 /* Build configuration list for PBXNativeTarget "PlaceholderTextView" */;
			buildPhases = (
				7924E6301B61E77E00D3BBB0 /* Sources */,
				7924E6311B61E77E00D3BBB0 /* Frameworks */,
				7924E6321B61E77E00D3BBB0 /* Resources */,
			);
			buildRules = (
			);
			dependencies = (
			);
			name = PlaceholderTextView;
			productName = PlaceholderTextView;
			productReference = 7924E6341B61E77E00D3BBB0 /* PlaceholderTextView.app */;
			productType = "com.apple.product-type.application";
		};
		7924E6481B61E77E00D3BBB0 /* PlaceholderTextViewTests */ = {
			isa = PBXNativeTarget;
			buildConfigurationList = 7924E6561B61E77E00D3BBB0 /* Build configuration list for PBXNativeTarget "PlaceholderTextViewTests" */;
			buildPhases = (
				7924E6451B61E77E00D3BBB0 /* Sources */,
				7924E6461B61E77E00D3BBB0 /* Frameworks */,
				7924E6471B61E77E00D3BBB0 /* Resources */,
			);
			buildRules = (
			);
			dependencies = (
				7924E64B1B61E77E00D3BBB0 /* PBXTargetDependency */,
			);
			name = PlaceholderTextViewTests;
			productName = PlaceholderTextViewTests;
			productReference = 7924E6491B61E77E00D3BBB0 /* PlaceholderTextViewTests.xctest */;
			productType = "com.apple.product-type.bundle.unit-test";
		};
/* End PBXNativeTarget section */

/* Begin PBXProject section */
		7924E62C1B61E77E00D3BBB0 /* Project object */ = {
			isa = PBXProject;
			attributes = {
				LastSwiftMigration = 0730;
				LastSwiftUpdateCheck = 0730;
				LastUpgradeCheck = 0730;
				ORGANIZATIONNAME = CHEEBOW;
				TargetAttributes = {
					7924E6331B61E77E00D3BBB0 = {
						CreatedOnToolsVersion = 6.4;
					};
					7924E6481B61E77E00D3BBB0 = {
						CreatedOnToolsVersion = 6.4;
						TestTargetID = 7924E6331B61E77E00D3BBB0;
					};
				};
			};
			buildConfigurationList = 7924E62F1B61E77E00D3BBB0 /* Build configuration list for PBXProject "PlaceholderTextView" */;
			compatibilityVersion = "Xcode 3.2";
			developmentRegion = English;
			hasScannedForEncodings = 0;
			knownRegions = (
				en,
				Base,
			);
			mainGroup = 7924E62B1B61E77E00D3BBB0;
			productRefGroup = 7924E6351B61E77E00D3BBB0 /* Products */;
			projectDirPath = "";
			projectRoot = "";
			targets = (
				7924E6331B61E77E00D3BBB0 /* PlaceholderTextView */,
				7924E6481B61E77E00D3BBB0 /* PlaceholderTextViewTests */,
			);
		};
/* End PBXProject section */

/* Begin PBXResourcesBuildPhase section */
		7924E6321B61E77E00D3BBB0 /* Resources */ = {
			isa = PBXResourcesBuildPhase;
			buildActionMask = 2147483647;
			files = (
				7924E63F1B61E77E00D3BBB0 /* Main.storyboard in Resources */,
				7924E6441B61E77E00D3BBB0 /* LaunchScreen.xib in Resources */,
				7924E6411B61E77E00D3BBB0 /* Images.xcassets in Resources */,
			);
			runOnlyForDeploymentPostprocessing = 0;
		};
		7924E6471B61E77E00D3BBB0 /* Resources */ = {
			isa = PBXResourcesBuildPhase;
			buildActionMask = 2147483647;
			files = (
			);
			runOnlyForDeploymentPostprocessing = 0;
		};
/* End PBXResourcesBuildPhase section */

/* Begin PBXSourcesBuildPhase section */
		7924E6301B61E77E00D3BBB0 /* Sources */ = {
			isa = PBXSourcesBuildPhase;
			buildActionMask = 2147483647;
			files = (
				796C8EFD1B62129D00EC4ACD /* PlaceholderTextView.swift in Sources */,
				7924E63C1B61E77E00D3BBB0 /* ViewController.swift in Sources */,
				7924E63A1B61E77E00D3BBB0 /* AppDelegate.swift in Sources */,
			);
			runOnlyForDeploymentPostprocessing = 0;
		};
		7924E6451B61E77E00D3BBB0 /* Sources */ = {
			isa = PBXSourcesBuildPhase;
			buildActionMask = 2147483647;
			files = (
				7924E6501B61E77E00D3BBB0 /* PlaceholderTextViewTests.swift in Sources */,
			);
			runOnlyForDeploymentPostprocessing = 0;
		};
/* End PBXSourcesBuildPhase section */

/* Begin PBXTargetDependency section */
		7924E64B1B61E77E00D3BBB0 /* PBXTargetDependency */ = {
			isa = PBXTargetDependency;
			target = 7924E6331B61E77E00D3BBB0 /* PlaceholderTextView */;
			targetProxy = 7924E64A1B61E77E00D3BBB0 /* PBXContainerItemProxy */;
		};
/* End PBXTargetDependency section */

/* Begin PBXVariantGroup section */
		7924E63D1B61E77E00D3BBB0 /* Main.storyboard */ = {
			isa = PBXVariantGroup;
			children = (
				7924E63E1B61E77E00D3BBB0 /* Base */,
			);
			name = Main.storyboard;
			sourceTree = "<group>";
		};
		7924E6421B61E77E00D3BBB0 /* LaunchScreen.xib */ = {
			isa = PBXVariantGroup;
			children = (
				7924E6431B61E77E00D3BBB0 /* Base */,
			);
			name = LaunchScreen.xib;
			sourceTree = "<group>";
		};
/* End PBXVariantGroup section */

/* Begin XCBuildConfiguration section */
		7924E6511B61E77E00D3BBB0 /* Debug */ = {
			isa = XCBuildConfiguration;
			buildSettings = {
				ALWAYS_SEARCH_USER_PATHS = NO;
				CLANG_CXX_LANGUAGE_STANDARD = "gnu++0x";
				CLANG_CXX_LIBRARY = "libc++";
				CLANG_ENABLE_MODULES = YES;
				CLANG_ENABLE_OBJC_ARC = YES;
				CLANG_WARN_BOOL_CONVERSION = YES;
				CLANG_WARN_CONSTANT_CONVERSION = YES;
				CLANG_WARN_DIRECT_OBJC_ISA_USAGE = YES_ERROR;
				CLANG_WARN_EMPTY_BODY = YES;
				CLANG_WARN_ENUM_CONVERSION = YES;
				CLANG_WARN_INT_CONVERSION = YES;
				CLANG_WARN_OBJC_ROOT_CLASS = YES_ERROR;
				CLANG_WARN_UNREACHABLE_CODE = YES;
				CLANG_WARN__DUPLICATE_METHOD_MATCH = YES;
				"CODE_SIGN_IDENTITY[sdk=iphoneos*]" = "iPhone Developer";
				COPY_PHASE_STRIP = NO;
				DEBUG_INFORMATION_FORMAT = "dwarf-with-dsym";
				ENABLE_STRICT_OBJC_MSGSEND = YES;
				ENABLE_TESTABILITY = YES;
				GCC_C_LANGUAGE_STANDARD = gnu99;
				GCC_DYNAMIC_NO_PIC = NO;
				GCC_NO_COMMON_BLOCKS = YES;
				GCC_OPTIMIZATION_LEVEL = 0;
				GCC_PREPROCESSOR_DEFINITIONS = (
					"DEBUG=1",
					"$(inherited)",
				);
				GCC_SYMBOLS_PRIVATE_EXTERN = NO;
				GCC_WARN_64_TO_32_BIT_CONVERSION = YES;
				GCC_WARN_ABOUT_RETURN_TYPE = YES_ERROR;
				GCC_WARN_UNDECLARED_SELECTOR = YES;
				GCC_WARN_UNINITIALIZED_AUTOS = YES_AGGRESSIVE;
				GCC_WARN_UNUSED_FUNCTION = YES;
				GCC_WARN_UNUSED_VARIABLE = YES;
				IPHONEOS_DEPLOYMENT_TARGET = 8.4;
				MTL_ENABLE_DEBUG_INFO = YES;
				ONLY_ACTIVE_ARCH = YES;
				SDKROOT = iphoneos;
				SWIFT_OPTIMIZATION_LEVEL = "-Onone";
			};
			name = Debug;
		};
		7924E6521B61E77E00D3BBB0 /* Release */ = {
			isa = XCBuildConfiguration;
			buildSettings = {
				ALWAYS_SEARCH_USER_PATHS = NO;
				CLANG_CXX_LANGUAGE_STANDARD = "gnu++0x";
				CLANG_CXX_LIBRARY = "libc++";
				CLANG_ENABLE_MODULES = YES;
				CLANG_ENABLE_OBJC_ARC = YES;
				CLANG_WARN_BOOL_CONVERSION = YES;
				CLANG_WARN_CONSTANT_CONVERSION = YES;
				CLANG_WARN_DIRECT_OBJC_ISA_USAGE = YES_ERROR;
				CLANG_WARN_EMPTY_BODY = YES;
				CLANG_WARN_ENUM_CONVERSION = YES;
				CLANG_WARN_INT_CONVERSION = YES;
				CLANG_WARN_OBJC_ROOT_CLASS = YES_ERROR;
				CLANG_WARN_UNREACHABLE_CODE = YES;
				CLANG_WARN__DUPLICATE_METHOD_MATCH = YES;
				"CODE_SIGN_IDENTITY[sdk=iphoneos*]" = "iPhone Developer";
				COPY_PHASE_STRIP = NO;
				DEBUG_INFORMATION_FORMAT = "dwarf-with-dsym";
				ENABLE_NS_ASSERTIONS = NO;
				ENABLE_STRICT_OBJC_MSGSEND = YES;
				GCC_C_LANGUAGE_STANDARD = gnu99;
				GCC_NO_COMMON_BLOCKS = YES;
				GCC_WARN_64_TO_32_BIT_CONVERSION = YES;
				GCC_WARN_ABOUT_RETURN_TYPE = YES_ERROR;
				GCC_WARN_UNDECLARED_SELECTOR = YES;
				GCC_WARN_UNINITIALIZED_AUTOS = YES_AGGRESSIVE;
				GCC_WARN_UNUSED_FUNCTION = YES;
				GCC_WARN_UNUSED_VARIABLE = YES;
				IPHONEOS_DEPLOYMENT_TARGET = 8.4;
				MTL_ENABLE_DEBUG_INFO = NO;
				SDKROOT = iphoneos;
				VALIDATE_PRODUCT = YES;
			};
			name = Release;
		};
		7924E6541B61E77E00D3BBB0 /* Debug */ = {
			isa = XCBuildConfiguration;
			buildSettings = {
				ASSETCATALOG_COMPILER_APPICON_NAME = AppIcon;
				INFOPLIST_FILE = PlaceholderTextView/Info.plist;
				LD_RUNPATH_SEARCH_PATHS = "$(inherited) @executable_path/Frameworks";
				PRODUCT_BUNDLE_IDENTIFIER = "info.cheebow.$(PRODUCT_NAME:rfc1034identifier)";
				PRODUCT_NAME = "$(TARGET_NAME)";
			};
			name = Debug;
		};
		7924E6551B61E77E00D3BBB0 /* Release */ = {
			isa = XCBuildConfiguration;
			buildSettings = {
				ASSETCATALOG_COMPILER_APPICON_NAME = AppIcon;
				INFOPLIST_FILE = PlaceholderTextView/Info.plist;
				LD_RUNPATH_SEARCH_PATHS = "$(inherited) @executable_path/Frameworks";
				PRODUCT_BUNDLE_IDENTIFIER = "info.cheebow.$(PRODUCT_NAME:rfc1034identifier)";
				PRODUCT_NAME = "$(TARGET_NAME)";
			};
			name = Release;
		};
		7924E6571B61E77E00D3BBB0 /* Debug */ = {
			isa = XCBuildConfiguration;
			buildSettings = {
				BUNDLE_LOADER = "$(TEST_HOST)";
				FRAMEWORK_SEARCH_PATHS = (
					"$(SDKROOT)/Developer/Library/Frameworks",
					"$(inherited)",
				);
				GCC_PREPROCESSOR_DEFINITIONS = (
					"DEBUG=1",
					"$(inherited)",
				);
				INFOPLIST_FILE = PlaceholderTextViewTests/Info.plist;
				LD_RUNPATH_SEARCH_PATHS = "$(inherited) @executable_path/Frameworks @loader_path/Frameworks";
				PRODUCT_BUNDLE_IDENTIFIER = "info.cheebow.$(PRODUCT_NAME:rfc1034identifier)";
				PRODUCT_NAME = "$(TARGET_NAME)";
				TEST_HOST = "$(BUILT_PRODUCTS_DIR)/PlaceholderTextView.app/PlaceholderTextView";
			};
			name = Debug;
		};
		7924E6581B61E77E00D3BBB0 /* Release */ = {
			isa = XCBuildConfiguration;
			buildSettings = {
				BUNDLE_LOADER = "$(TEST_HOST)";
				FRAMEWORK_SEARCH_PATHS = (
					"$(SDKROOT)/Developer/Library/Frameworks",
					"$(inherited)",
				);
				INFOPLIST_FILE = PlaceholderTextViewTests/Info.plist;
				LD_RUNPATH_SEARCH_PATHS = "$(inherited) @executable_path/Frameworks @loader_path/Frameworks";
				PRODUCT_BUNDLE_IDENTIFIER = "info.cheebow.$(PRODUCT_NAME:rfc1034identifier)";
				PRODUCT_NAME = "$(TARGET_NAME)";
				TEST_HOST = "$(BUILT_PRODUCTS_DIR)/PlaceholderTextView.app/PlaceholderTextView";
			};
			name = Release;
		};
/* End XCBuildConfiguration section */

/* Begin XCConfigurationList section */
		7924E62F1B61E77E00D3BBB0 /* Build configuration list for PBXProject "PlaceholderTextView" */ = {
			isa = XCConfigurationList;
			buildConfigurations = (
				7924E6511B61E77E00D3BBB0 /* Debug */,
				7924E6521B61E77E00D3BBB0 /* Release */,
			);
			defaultConfigurationIsVisible = 0;
			defaultConfigurationName = Release;
		};
		7924E6531B61E77E00D3BBB0 /* Build configuration list for PBXNativeTarget "PlaceholderTextView" */ = {
			isa = XCConfigurationList;
			buildConfigurations = (
				7924E6541B61E77E00D3BBB0 /* Debug */,
				7924E6551B61E77E00D3BBB0 /* Release */,
			);
			defaultConfigurationIsVisible = 0;
			defaultConfigurationName = Release;
		};
		7924E6561B61E77E00D3BBB0 /* Build configuration list for PBXNativeTarget "PlaceholderTextViewTests" */ = {
			isa = XCConfigurationList;
			buildConfigurations = (
				7924E6571B61E77E00D3BBB0 /* Debug */,
				7924E6581B61E77E00D3BBB0 /* Release */,
			);
			defaultConfigurationIsVisible = 0;
			defaultConfigurationName = Release;
		};
/* End XCConfigurationList section */
	};
	rootObject = 7924E62C1B61E77E00D3BBB0 /* Project object */;
}
